
Microsoft Visual Studio Solution File, Format Version 12.00
# Visual Studio Version 17
VisualStudioVersion = 17.6.33815.320
MinimumVisualStudioVersion = 10.0.40219.1
Project("{FAE04EC0-301F-11D3-BF4B-00C04F79EFBC}") = "Tymofieieva C#", "Tymofieieva C#.csproj", "{083E4199-31CD-40CB-87AA-1F90296505C2}"
EndProject
Global
	GlobalSection(SolutionConfigurationPlatforms) = preSolution
		Debug|Any CPU = Debug|Any CPU
		Release|Any CPU = Release|Any CPU
	EndGlobalSection
	GlobalSection(ProjectConfigurationPlatforms) = postSolution
		{083E4199-31CD-40CB-87AA-1F90296505C2}.Debug|Any CPU.ActiveCfg = Debug|Any CPU
		{083E4199-31CD-40CB-87AA-1F90296505C2}.Debug|Any CPU.Build.0 = Debug|Any CPU
		{083E4199-31CD-40CB-87AA-1F90296505C2}.Release|Any CPU.ActiveCfg = Release|Any CPU
		{083E4199-31CD-40CB-87AA-1F90296505C2}.Release|Any CPU.Build.0 = Release|Any CPU
	EndGlobalSection
	GlobalSection(SolutionProperties) = preSolution
		HideSolutionNode = FALSE
	EndGlobalSection
	GlobalSection(ExtensibilityGlobals) = postSolution
		SolutionGuid = {1A260D7A-1179-4D4A-A3B6-2961600024DA}
	EndGlobalSection
EndGlobal
